// !$*UTF8*$!
{
	archiveVersion = 1;
	classes = {
	};
	objectVersion = 50;
	objects = {

/* Begin PBXBuildFile section */
		08697AFF225E28E4002829A5 /* controllersCommons.swift in Sources */ = {isa = PBXBuildFile; fileRef = 08697AFE225E28E4002829A5 /* controllersCommons.swift */; };
		08697B01225F4FBA002829A5 /* Validator.swift in Sources */ = {isa = PBXBuildFile; fileRef = 08697B00225F4FBA002829A5 /* Validator.swift */; };
		08C9918F2260862800D625FA /* SignUserData.swift in Sources */ = {isa = PBXBuildFile; fileRef = 08C9918E2260862800D625FA /* SignUserData.swift */; };
		08C991912260883600D625FA /* IO.swift in Sources */ = {isa = PBXBuildFile; fileRef = 08C991902260883600D625FA /* IO.swift */; };
		08DDC539225CCE9D00ECE14A /* AppDelegate.swift in Sources */ = {isa = PBXBuildFile; fileRef = 08DDC538225CCE9D00ECE14A /* AppDelegate.swift */; };
		08DDC53B225CCE9D00ECE14A /* LoginViewController.swift in Sources */ = {isa = PBXBuildFile; fileRef = 08DDC53A225CCE9D00ECE14A /* LoginViewController.swift */; };
		08DDC53E225CCE9D00ECE14A /* Main.storyboard in Resources */ = {isa = PBXBuildFile; fileRef = 08DDC53C225CCE9D00ECE14A /* Main.storyboard */; };
		08DDC540225CCE9E00ECE14A /* Assets.xcassets in Resources */ = {isa = PBXBuildFile; fileRef = 08DDC53F225CCE9E00ECE14A /* Assets.xcassets */; };
		08DDC543225CCE9E00ECE14A /* LaunchScreen.storyboard in Resources */ = {isa = PBXBuildFile; fileRef = 08DDC541225CCE9E00ECE14A /* LaunchScreen.storyboard */; };
		08DDC54F225CDD9300ECE14A /* SignupViewController.swift in Sources */ = {isa = PBXBuildFile; fileRef = 08DDC54E225CDD9300ECE14A /* SignupViewController.swift */; };
		08DDC551225CDDF300ECE14A /* InputField.swift in Sources */ = {isa = PBXBuildFile; fileRef = 08DDC550225CDDF300ECE14A /* InputField.swift */; };
		08DDC553225CE46D00ECE14A /* UI_CONSTANTS.swift in Sources */ = {isa = PBXBuildFile; fileRef = 08DDC552225CE46D00ECE14A /* UI_CONSTANTS.swift */; };
		317A081C9AECE9917844307D /* Pods_signuppster.framework in Frameworks */ = {isa = PBXBuildFile; fileRef = AE8F5C14E1F2E43C603A08CC /* Pods_signuppster.framework */; };
/* End PBXBuildFile section */

/* Begin PBXFileReference section */
		08697AFE225E28E4002829A5 /* controllersCommons.swift */ = {isa = PBXFileReference; lastKnownFileType = sourcecode.swift; path = controllersCommons.swift; sourceTree = "<group>"; };
		08697B00225F4FBA002829A5 /* Validator.swift */ = {isa = PBXFileReference; lastKnownFileType = sourcecode.swift; path = Validator.swift; sourceTree = "<group>"; };
		08C9918E2260862800D625FA /* SignUserData.swift */ = {isa = PBXFileReference; lastKnownFileType = sourcecode.swift; path = SignUserData.swift; sourceTree = "<group>"; };
		08C991902260883600D625FA /* IO.swift */ = {isa = PBXFileReference; lastKnownFileType = sourcecode.swift; path = IO.swift; sourceTree = "<group>"; };
		08DDC535225CCE9D00ECE14A /* signuppster.app */ = {isa = PBXFileReference; explicitFileType = wrapper.application; includeInIndex = 0; path = signuppster.app; sourceTree = BUILT_PRODUCTS_DIR; };
		08DDC538225CCE9D00ECE14A /* AppDelegate.swift */ = {isa = PBXFileReference; lastKnownFileType = sourcecode.swift; path = AppDelegate.swift; sourceTree = "<group>"; };
		08DDC53A225CCE9D00ECE14A /* LoginViewController.swift */ = {isa = PBXFileReference; lastKnownFileType = sourcecode.swift; path = LoginViewController.swift; sourceTree = "<group>"; };
		08DDC53D225CCE9D00ECE14A /* Base */ = {isa = PBXFileReference; lastKnownFileType = file.storyboard; name = Base; path = Base.lproj/Main.storyboard; sourceTree = "<group>"; };
		08DDC53F225CCE9E00ECE14A /* Assets.xcassets */ = {isa = PBXFileReference; lastKnownFileType = folder.assetcatalog; path = Assets.xcassets; sourceTree = "<group>"; };
		08DDC542225CCE9E00ECE14A /* Base */ = {isa = PBXFileReference; lastKnownFileType = file.storyboard; name = Base; path = Base.lproj/LaunchScreen.storyboard; sourceTree = "<group>"; };
		08DDC544225CCE9E00ECE14A /* Info.plist */ = {isa = PBXFileReference; lastKnownFileType = text.plist.xml; path = Info.plist; sourceTree = "<group>"; };
		08DDC54E225CDD9300ECE14A /* SignupViewController.swift */ = {isa = PBXFileReference; lastKnownFileType = sourcecode.swift; path = SignupViewController.swift; sourceTree = "<group>"; };
		08DDC550225CDDF300ECE14A /* InputField.swift */ = {isa = PBXFileReference; lastKnownFileType = sourcecode.swift; path = InputField.swift; sourceTree = "<group>"; };
		08DDC552225CE46D00ECE14A /* UI_CONSTANTS.swift */ = {isa = PBXFileReference; lastKnownFileType = sourcecode.swift; path = UI_CONSTANTS.swift; sourceTree = "<group>"; };
		1ED080D3389098738F0FBE8D /* Pods-signuppster.debug.xcconfig */ = {isa = PBXFileReference; includeInIndex = 1; lastKnownFileType = text.xcconfig; name = "Pods-signuppster.debug.xcconfig"; path = "Target Support Files/Pods-signuppster/Pods-signuppster.debug.xcconfig"; sourceTree = "<group>"; };
		AE8F5C14E1F2E43C603A08CC /* Pods_signuppster.framework */ = {isa = PBXFileReference; explicitFileType = wrapper.framework; includeInIndex = 0; path = Pods_signuppster.framework; sourceTree = BUILT_PRODUCTS_DIR; };
		CE65158FFB42E03BD61066F9 /* Pods-signuppster.release.xcconfig */ = {isa = PBXFileReference; includeInIndex = 1; lastKnownFileType = text.xcconfig; name = "Pods-signuppster.release.xcconfig"; path = "Target Support Files/Pods-signuppster/Pods-signuppster.release.xcconfig"; sourceTree = "<group>"; };
/* End PBXFileReference section */

/* Begin PBXFrameworksBuildPhase section */
		08DDC532225CCE9D00ECE14A /* Frameworks */ = {
			isa = PBXFrameworksBuildPhase;
			buildActionMask = 2147483647;
			files = (
				317A081C9AECE9917844307D /* Pods_signuppster.framework in Frameworks */,
			);
			runOnlyForDeploymentPostprocessing = 0;
		};
/* End PBXFrameworksBuildPhase section */

/* Begin PBXGroup section */
		08DDC52C225CCE9D00ECE14A = {
			isa = PBXGroup;
			children = (
				08DDC537225CCE9D00ECE14A /* signuppster */,
				08DDC536225CCE9D00ECE14A /* Products */,
				D4EFABE55F6A5A92D0803208 /* Pods */,
				2ACEC671C9F27E9D235FB8C8 /* Frameworks */,
			);
			sourceTree = "<group>";
		};
		08DDC536225CCE9D00ECE14A /* Products */ = {
			isa = PBXGroup;
			children = (
				08DDC535225CCE9D00ECE14A /* signuppster.app */,
			);
			name = Products;
			sourceTree = "<group>";
		};
		08DDC537225CCE9D00ECE14A /* signuppster */ = {
			isa = PBXGroup;
			children = (
				08DDC544225CCE9E00ECE14A /* Info.plist */,
				08DDC54D225CD30E00ECE14A /* Additional Files */,
				08DDC54C225CD30200ECE14A /* View */,
				08DDC54B225CD2F400ECE14A /* Controller */,
				08DDC54A225CD27200ECE14A /* Model */,
				08DDC53F225CCE9E00ECE14A /* Assets.xcassets */,
			);
			path = signuppster;
			sourceTree = "<group>";
		};
		08DDC54A225CD27200ECE14A /* Model */ = {
			isa = PBXGroup;
			children = (
				08C9918E2260862800D625FA /* SignUserData.swift */,
				08C991902260883600D625FA /* IO.swift */,
			);
			path = Model;
			sourceTree = "<group>";
		};
		08DDC54B225CD2F400ECE14A /* Controller */ = {
			isa = PBXGroup;
			children = (
				08DDC53A225CCE9D00ECE14A /* LoginViewController.swift */,
				08DDC54E225CDD9300ECE14A /* SignupViewController.swift */,
				08697AFE225E28E4002829A5 /* controllersCommons.swift */,
				08697B00225F4FBA002829A5 /* Validator.swift */,
			);
			path = Controller;
			sourceTree = "<group>";
		};
		08DDC54C225CD30200ECE14A /* View */ = {
			isa = PBXGroup;
			children = (
				08DDC541225CCE9E00ECE14A /* LaunchScreen.storyboard */,
				08DDC550225CDDF300ECE14A /* InputField.swift */,
				08DDC53C225CCE9D00ECE14A /* Main.storyboard */,
				08DDC552225CE46D00ECE14A /* UI_CONSTANTS.swift */,
			);
			path = View;
			sourceTree = "<group>";
		};
		08DDC54D225CD30E00ECE14A /* Additional Files */ = {
			isa = PBXGroup;
			children = (
				08DDC538225CCE9D00ECE14A /* AppDelegate.swift */,
			);
			path = "Additional Files";
			sourceTree = "<group>";
		};
		2ACEC671C9F27E9D235FB8C8 /* Frameworks */ = {
			isa = PBXGroup;
			children = (
				AE8F5C14E1F2E43C603A08CC /* Pods_signuppster.framework */,
			);
			name = Frameworks;
			sourceTree = "<group>";
		};
		D4EFABE55F6A5A92D0803208 /* Pods */ = {
			isa = PBXGroup;
			children = (
				1ED080D3389098738F0FBE8D /* Pods-signuppster.debug.xcconfig */,
				CE65158FFB42E03BD61066F9 /* Pods-signuppster.release.xcconfig */,
			);
			path = Pods;
			sourceTree = "<group>";
		};
/* End PBXGroup section */

/* Begin PBXNativeTarget section */
		08DDC534225CCE9D00ECE14A /* signuppster */ = {
			isa = PBXNativeTarget;
			buildConfigurationList = 08DDC547225CCE9E00ECE14A /* Build configuration list for PBXNativeTarget "signuppster" */;
			buildPhases = (
				8717DAFDC1B3BE054CC9F546 /* [CP] Check Pods Manifest.lock */,
				08DDC531225CCE9D00ECE14A /* Sources */,
				08DDC532225CCE9D00ECE14A /* Frameworks */,
				08DDC533225CCE9D00ECE14A /* Resources */,
				D8255DCD9C2EDDFF3EE72404 /* [CP] Embed Pods Frameworks */,
			);
			buildRules = (
			);
			dependencies = (
			);
			name = signuppster;
			productName = signuppster;
			productReference = 08DDC535225CCE9D00ECE14A /* signuppster.app */;
			productType = "com.apple.product-type.application";
		};
/* End PBXNativeTarget section */

/* Begin PBXProject section */
		08DDC52D225CCE9D00ECE14A /* Project object */ = {
			isa = PBXProject;
			attributes = {
				LastSwiftUpdateCheck = 1020;
				LastUpgradeCheck = 1020;
				ORGANIZATIONNAME = wipro.com;
				TargetAttributes = {
					08DDC534225CCE9D00ECE14A = {
						CreatedOnToolsVersion = 10.2;
					};
				};
			};
			buildConfigurationList = 08DDC530225CCE9D00ECE14A /* Build configuration list for PBXProject "signuppster" */;
			compatibilityVersion = "Xcode 9.3";
			developmentRegion = en;
			hasScannedForEncodings = 0;
			knownRegions = (
				en,
				Base,
			);
			mainGroup = 08DDC52C225CCE9D00ECE14A;
			productRefGroup = 08DDC536225CCE9D00ECE14A /* Products */;
			projectDirPath = "";
			projectRoot = "";
			targets = (
				08DDC534225CCE9D00ECE14A /* signuppster */,
			);
		};
/* End PBXProject section */

/* Begin PBXResourcesBuildPhase section */
		08DDC533225CCE9D00ECE14A /* Resources */ = {
			isa = PBXResourcesBuildPhase;
			buildActionMask = 2147483647;
			files = (
				08DDC543225CCE9E00ECE14A /* LaunchScreen.storyboard in Resources */,
				08DDC540225CCE9E00ECE14A /* Assets.xcassets in Resources */,
				08DDC53E225CCE9D00ECE14A /* Main.storyboard in Resources */,
			);
			runOnlyForDeploymentPostprocessing = 0;
		};
/* End PBXResourcesBuildPhase section */

/* Begin PBXShellScriptBuildPhase section */
		8717DAFDC1B3BE054CC9F546 /* [CP] Check Pods Manifest.lock */ = {
			isa = PBXShellScriptBuildPhase;
			buildActionMask = 2147483647;
			files = (
			);
			inputFileListPaths = (
			);
			inputPaths = (
				"${PODS_PODFILE_DIR_PATH}/Podfile.lock",
				"${PODS_ROOT}/Manifest.lock",
			);
			name = "[CP] Check Pods Manifest.lock";
			outputFileListPaths = (
			);
			outputPaths = (
				"$(DERIVED_FILE_DIR)/Pods-signuppster-checkManifestLockResult.txt",
			);
			runOnlyForDeploymentPostprocessing = 0;
			shellPath = /bin/sh;
			shellScript = "diff \"${PODS_PODFILE_DIR_PATH}/Podfile.lock\" \"${PODS_ROOT}/Manifest.lock\" > /dev/null\nif [ $? != 0 ] ; then\n    # print error to STDERR\n    echo \"error: The sandbox is not in sync with the Podfile.lock. Run 'pod install' or update your CocoaPods installation.\" >&2\n    exit 1\nfi\n# This output is used by Xcode 'outputs' to avoid re-running this script phase.\necho \"SUCCESS\" > \"${SCRIPT_OUTPUT_FILE_0}\"\n";
			showEnvVarsInLog = 0;
		};
		D8255DCD9C2EDDFF3EE72404 /* [CP] Embed Pods Frameworks */ = {
			isa = PBXShellScriptBuildPhase;
			buildActionMask = 2147483647;
			files = (
			);
			inputFileListPaths = (
			);
			inputPaths = (
				"${PODS_ROOT}/Target Support Files/Pods-signuppster/Pods-signuppster-frameworks.sh",
				"${BUILT_PRODUCTS_DIR}/DynamicBlurView/DynamicBlurView.framework",
				"${BUILT_PRODUCTS_DIR}/PopupDialog/PopupDialog.framework",
				"${BUILT_PRODUCTS_DIR}/SnapKit/SnapKit.framework",
			);
			name = "[CP] Embed Pods Frameworks";
			outputFileListPaths = (
			);
			outputPaths = (
				"${TARGET_BUILD_DIR}/${FRAMEWORKS_FOLDER_PATH}/DynamicBlurView.framework",
				"${TARGET_BUILD_DIR}/${FRAMEWORKS_FOLDER_PATH}/PopupDialog.framework",
				"${TARGET_BUILD_DIR}/${FRAMEWORKS_FOLDER_PATH}/SnapKit.framework",
			);
			runOnlyForDeploymentPostprocessing = 0;
			shellPath = /bin/sh;
			shellScript = "\"${PODS_ROOT}/Target Support Files/Pods-signuppster/Pods-signuppster-frameworks.sh\"\n";
			showEnvVarsInLog = 0;
		};
/* End PBXShellScriptBuildPhase section */

/* Begin PBXSourcesBuildPhase section */
		08DDC531225CCE9D00ECE14A /* Sources */ = {
			isa = PBXSourcesBuildPhase;
			buildActionMask = 2147483647;
			files = (
				08DDC553225CE46D00ECE14A /* UI_CONSTANTS.swift in Sources */,
				08DDC54F225CDD9300ECE14A /* SignupViewController.swift in Sources */,
				08697B01225F4FBA002829A5 /* Validator.swift in Sources */,
				08C991912260883600D625FA /* IO.swift in Sources */,
				08DDC53B225CCE9D00ECE14A /* LoginViewController.swift in Sources */,
				08DDC539225CCE9D00ECE14A /* AppDelegate.swift in Sources */,
				08697AFF225E28E4002829A5 /* controllersCommons.swift in Sources */,
				08DDC551225CDDF300ECE14A /* InputField.swift in Sources */,
				08C9918F2260862800D625FA /* SignUserData.swift in Sources */,
			);
			runOnlyForDeploymentPostprocessing = 0;
		};
/* End PBXSourcesBuildPhase section */

/* Begin PBXVariantGroup section */
		08DDC53C225CCE9D00ECE14A /* Main.storyboard */ = {
			isa = PBXVariantGroup;
			children = (
				08DDC53D225CCE9D00ECE14A /* Base */,
			);
			name = Main.storyboard;
			sourceTree = "<group>";
		};
		08DDC541225CCE9E00ECE14A /* LaunchScreen.storyboard */ = {
			isa = PBXVariantGroup;
			children = (
				08DDC542225CCE9E00ECE14A /* Base */,
			);
			name = LaunchScreen.storyboard;
			sourceTree = "<group>";
		};
/* End PBXVariantGroup section */

/* Begin XCBuildConfiguration section */
		08DDC545225CCE9E00ECE14A /* Debug */ = {
			isa = XCBuildConfiguration;
			buildSettings = {
				ALWAYS_SEARCH_USER_PATHS = NO;
				CLANG_ANALYZER_NONNULL = YES;
				CLANG_ANALYZER_NUMBER_OBJECT_CONVERSION = YES_AGGRESSIVE;
				CLANG_CXX_LANGUAGE_STANDARD = "gnu++14";
				CLANG_CXX_LIBRARY = "libc++";
				CLANG_ENABLE_MODULES = YES;
				CLANG_ENABLE_OBJC_ARC = YES;
				CLANG_ENABLE_OBJC_WEAK = YES;
				CLANG_WARN_BLOCK_CAPTURE_AUTORELEASING = YES;
				CLANG_WARN_BOOL_CONVERSION = YES;
				CLANG_WARN_COMMA = YES;
				CLANG_WARN_CONSTANT_CONVERSION = YES;
				CLANG_WARN_DEPRECATED_OBJC_IMPLEMENTATIONS = YES;
				CLANG_WARN_DIRECT_OBJC_ISA_USAGE = YES_ERROR;
				CLANG_WARN_DOCUMENTATION_COMMENTS = YES;
				CLANG_WARN_EMPTY_BODY = YES;
				CLANG_WARN_ENUM_CONVERSION = YES;
				CLANG_WARN_INFINITE_RECURSION = YES;
				CLANG_WARN_INT_CONVERSION = YES;
				CLANG_WARN_NON_LITERAL_NULL_CONVERSION = YES;
				CLANG_WARN_OBJC_IMPLICIT_RETAIN_SELF = YES;
				CLANG_WARN_OBJC_LITERAL_CONVERSION = YES;
				CLANG_WARN_OBJC_ROOT_CLASS = YES_ERROR;
				CLANG_WARN_RANGE_LOOP_ANALYSIS = YES;
				CLANG_WARN_STRICT_PROTOTYPES = YES;
				CLANG_WARN_SUSPICIOUS_MOVE = YES;
				CLANG_WARN_UNGUARDED_AVAILABILITY = YES_AGGRESSIVE;
				CLANG_WARN_UNREACHABLE_CODE = YES;
				CLANG_WARN__DUPLICATE_METHOD_MATCH = YES;
				CODE_SIGN_IDENTITY = "iPhone Developer";
				COPY_PHASE_STRIP = NO;
				DEBUG_INFORMATION_FORMAT = dwarf;
				ENABLE_STRICT_OBJC_MSGSEND = YES;
				ENABLE_TESTABILITY = YES;
				GCC_C_LANGUAGE_STANDARD = gnu11;
				GCC_DYNAMIC_NO_PIC = NO;
				GCC_NO_COMMON_BLOCKS = YES;
				GCC_OPTIMIZATION_LEVEL = 0;
				GCC_PREPROCESSOR_DEFINITIONS = (
					"DEBUG=1",
					"$(inherited)",
				);
				GCC_WARN_64_TO_32_BIT_CONVERSION = YES;
				GCC_WARN_ABOUT_RETURN_TYPE = YES_ERROR;
				GCC_WARN_UNDECLARED_SELECTOR = YES;
				GCC_WARN_UNINITIALIZED_AUTOS = YES_AGGRESSIVE;
				GCC_WARN_UNUSED_FUNCTION = YES;
				GCC_WARN_UNUSED_VARIABLE = YES;
				IPHONEOS_DEPLOYMENT_TARGET = 12.2;
				MTL_ENABLE_DEBUG_INFO = INCLUDE_SOURCE;
				MTL_FAST_MATH = YES;
				ONLY_ACTIVE_ARCH = YES;
				SDKROOT = iphoneos;
				SWIFT_ACTIVE_COMPILATION_CONDITIONS = DEBUG;
				SWIFT_OPTIMIZATION_LEVEL = "-Onone";
			};
			name = Debug;
		};
		08DDC546225CCE9E00ECE14A /* Release */ = {
			isa = XCBuildConfiguration;
			buildSettings = {
				ALWAYS_SEARCH_USER_PATHS = NO;
				CLANG_ANALYZER_NONNULL = YES;
				CLANG_ANALYZER_NUMBER_OBJECT_CONVERSION = YES_AGGRESSIVE;
				CLANG_CXX_LANGUAGE_STANDARD = "gnu++14";
				CLANG_CXX_LIBRARY = "libc++";
				CLANG_ENABLE_MODULES = YES;
				CLANG_ENABLE_OBJC_ARC = YES;
				CLANG_ENABLE_OBJC_WEAK = YES;
				CLANG_WARN_BLOCK_CAPTURE_AUTORELEASING = YES;
				CLANG_WARN_BOOL_CONVERSION = YES;
				CLANG_WARN_COMMA = YES;
				CLANG_WARN_CONSTANT_CONVERSION = YES;
				CLANG_WARN_DEPRECATED_OBJC_IMPLEMENTATIONS = YES;
				CLANG_WARN_DIRECT_OBJC_ISA_USAGE = YES_ERROR;
				CLANG_WARN_DOCUMENTATION_COMMENTS = YES;
				CLANG_WARN_EMPTY_BODY = YES;
				CLANG_WARN_ENUM_CONVERSION = YES;
				CLANG_WARN_INFINITE_RECURSION = YES;
				CLANG_WARN_INT_CONVERSION = YES;
				CLANG_WARN_NON_LITERAL_NULL_CONVERSION = YES;
				CLANG_WARN_OBJC_IMPLICIT_RETAIN_SELF = YES;
				CLANG_WARN_OBJC_LITERAL_CONVERSION = YES;
				CLANG_WARN_OBJC_ROOT_CLASS = YES_ERROR;
				CLANG_WARN_RANGE_LOOP_ANALYSIS = YES;
				CLANG_WARN_STRICT_PROTOTYPES = YES;
				CLANG_WARN_SUSPICIOUS_MOVE = YES;
				CLANG_WARN_UNGUARDED_AVAILABILITY = YES_AGGRESSIVE;
				CLANG_WARN_UNREACHABLE_CODE = YES;
				CLANG_WARN__DUPLICATE_METHOD_MATCH = YES;
				CODE_SIGN_IDENTITY = "iPhone Developer";
				COPY_PHASE_STRIP = NO;
				DEBUG_INFORMATION_FORMAT = "dwarf-with-dsym";
				ENABLE_NS_ASSERTIONS = NO;
				ENABLE_STRICT_OBJC_MSGSEND = YES;
				GCC_C_LANGUAGE_STANDARD = gnu11;
				GCC_NO_COMMON_BLOCKS = YES;
				GCC_WARN_64_TO_32_BIT_CONVERSION = YES;
				GCC_WARN_ABOUT_RETURN_TYPE = YES_ERROR;
				GCC_WARN_UNDECLARED_SELECTOR = YES;
				GCC_WARN_UNINITIALIZED_AUTOS = YES_AGGRESSIVE;
				GCC_WARN_UNUSED_FUNCTION = YES;
				GCC_WARN_UNUSED_VARIABLE = YES;
				IPHONEOS_DEPLOYMENT_TARGET = 12.2;
				MTL_ENABLE_DEBUG_INFO = NO;
				MTL_FAST_MATH = YES;
				SDKROOT = iphoneos;
				SWIFT_COMPILATION_MODE = wholemodule;
				SWIFT_OPTIMIZATION_LEVEL = "-O";
				VALIDATE_PRODUCT = YES;
			};
			name = Release;
		};
		08DDC548225CCE9E00ECE14A /* Debug */ = {
			isa = XCBuildConfiguration;
			baseConfigurationReference = 1ED080D3389098738F0FBE8D /* Pods-signuppster.debug.xcconfig */;
			buildSettings = {
				ASSETCATALOG_COMPILER_APPICON_NAME = AppIcon;
				CODE_SIGN_STYLE = Automatic;
				DEVELOPMENT_TEAM = WH46F52843;
				INFOPLIST_FILE = signuppster/Info.plist;
				LD_RUNPATH_SEARCH_PATHS = (
					"$(inherited)",
					"@executable_path/Frameworks",
				);
				PRODUCT_BUNDLE_IDENTIFIER = com.wipro.signuppster;
				PRODUCT_NAME = "$(TARGET_NAME)";
				SWIFT_VERSION = 5.0;
				TARGETED_DEVICE_FAMILY = "1,2";
			};
			name = Debug;
		};
		08DDC549225CCE9E00ECE14A /* Release */ = {
			isa = XCBuildConfiguration;
			baseConfigurationReference = CE65158FFB42E03BD61066F9 /* Pods-signuppster.release.xcconfig */;
			buildSettings = {
				ASSETCATALOG_COMPILER_APPICON_NAME = AppIcon;
				CODE_SIGN_STYLE = Automatic;
				DEVELOPMENT_TEAM = WH46F52843;
				INFOPLIST_FILE = signuppster/Info.plist;
				LD_RUNPATH_SEARCH_PATHS = (
					"$(inherited)",
					"@executable_path/Frameworks",
				);
				PRODUCT_BUNDLE_IDENTIFIER = com.wipro.signuppster;
				PRODUCT_NAME = "$(TARGET_NAME)";
				SWIFT_VERSION = 5.0;
				TARGETED_DEVICE_FAMILY = "1,2";
			};
			name = Release;
		};
/* End XCBuildConfiguration section */

/* Begin XCConfigurationList section */
		08DDC530225CCE9D00ECE14A /* Build configuration list for PBXProject "signuppster" */ = {
			isa = XCConfigurationList;
			buildConfigurations = (
				08DDC545225CCE9E00ECE14A /* Debug */,
				08DDC546225CCE9E00ECE14A /* Release */,
			);
			defaultConfigurationIsVisible = 0;
			defaultConfigurationName = Release;
		};
		08DDC547225CCE9E00ECE14A /* Build configuration list for PBXNativeTarget "signuppster" */ = {
			isa = XCConfigurationList;
			buildConfigurations = (
				08DDC548225CCE9E00ECE14A /* Debug */,
				08DDC549225CCE9E00ECE14A /* Release */,
			);
			defaultConfigurationIsVisible = 0;
			defaultConfigurationName = Release;
		};
/* End XCConfigurationList section */
	};
	rootObject = 08DDC52D225CCE9D00ECE14A /* Project object */;
}
